
Microsoft Visual Studio Solution File, Format Version 11.00
# Visual Studio 2010
Project("{FAE04EC0-301F-11D3-BF4B-00C04F79EFBC}") = "Lunarsea", "Assembly-CSharp-firstpass.csproj", "{7CAD610A-EA51-A772-7707-8FF01AD4638F}"
EndProject
Project("{FAE04EC0-301F-11D3-BF4B-00C04F79EFBC}") = "Lunarsea", "Assembly-CSharp.csproj", "{F6625800-F9FF-9124-3E58-BE4CF5E196C6}"
EndProject
Project("{FAE04EC0-301F-11D3-BF4B-00C04F79EFBC}") = "Lunarsea", "Assembly-CSharp-Editor-firstpass.csproj", "{56E441A8-4507-5FCA-431D-C97D96FA2F6D}"
EndProject
Global
	GlobalSection(SolutionConfigurationPlatforms) = preSolution
		Debug|Any CPU = Debug|Any CPU
		Release|Any CPU = Release|Any CPU
	EndGlobalSection
	GlobalSection(ProjectConfigurationPlatforms) = postSolution
		{7CAD610A-EA51-A772-7707-8FF01AD4638F}.Debug|Any CPU.ActiveCfg = Debug|Any CPU
		{7CAD610A-EA51-A772-7707-8FF01AD4638F}.Debug|Any CPU.Build.0 = Debug|Any CPU
		{7CAD610A-EA51-A772-7707-8FF01AD4638F}.Release|Any CPU.ActiveCfg = Release|Any CPU
		{7CAD610A-EA51-A772-7707-8FF01AD4638F}.Release|Any CPU.Build.0 = Release|Any CPU
		{F6625800-F9FF-9124-3E58-BE4CF5E196C6}.Debug|Any CPU.ActiveCfg = Debug|Any CPU
		{F6625800-F9FF-9124-3E58-BE4CF5E196C6}.Debug|Any CPU.Build.0 = Debug|Any CPU
		{F6625800-F9FF-9124-3E58-BE4CF5E196C6}.Release|Any CPU.ActiveCfg = Release|Any CPU
		{F6625800-F9FF-9124-3E58-BE4CF5E196C6}.Release|Any CPU.Build.0 = Release|Any CPU
		{56E441A8-4507-5FCA-431D-C97D96FA2F6D}.Debug|Any CPU.ActiveCfg = Debug|Any CPU
		{56E441A8-4507-5FCA-431D-C97D96FA2F6D}.Debug|Any CPU.Build.0 = Debug|Any CPU
		{56E441A8-4507-5FCA-431D-C97D96FA2F6D}.Release|Any CPU.ActiveCfg = Release|Any CPU
		{56E441A8-4507-5FCA-431D-C97D96FA2F6D}.Release|Any CPU.Build.0 = Release|Any CPU
	EndGlobalSection
	GlobalSection(SolutionProperties) = preSolution
		HideSolutionNode = FALSE
	EndGlobalSection
	GlobalSection(MonoDevelopProperties) = preSolution
		StartupItem = Assembly-CSharp.csproj
	EndGlobalSection
EndGlobal
